Microsoft Visual Studio Solution File, Format Version 11.00
# Visual Studio 2008

Project("{5CE5CFB6-E964-C183-6BAC-3913C1E38687}") = "Bloob-bloob", "Assembly-CSharp.csproj", "{B56B3875-1D73-E459-F6C7-BEA3C317CE62}"
EndProject
Project("{5CE5CFB6-E964-C183-6BAC-3913C1E38687}") = "Bloob-bloob", "Assembly-CSharp-Editor.csproj", "{72CDACDA-05AC-F147-BE3C-51824E1DB98A}"
EndProject
Global
	GlobalSection(SolutionConfigurationPlatforms) = preSolution
		Debug|Any CPU = Debug|Any CPU
		Release|Any CPU = Release|Any CPU
	EndGlobalSection
	GlobalSection(ProjectConfigurationPlatforms) = postSolution
		{B56B3875-1D73-E459-F6C7-BEA3C317CE62}.Debug|Any CPU.ActiveCfg = Debug|Any CPU
		{B56B3875-1D73-E459-F6C7-BEA3C317CE62}.Debug|Any CPU.Build.0 = Debug|Any CPU
		{B56B3875-1D73-E459-F6C7-BEA3C317CE62}.Release|Any CPU.ActiveCfg = Release|Any CPU
		{B56B3875-1D73-E459-F6C7-BEA3C317CE62}.Release|Any CPU.Build.0 = Release|Any CPU
		{72CDACDA-05AC-F147-BE3C-51824E1DB98A}.Debug|Any CPU.ActiveCfg = Debug|Any CPU
		{72CDACDA-05AC-F147-BE3C-51824E1DB98A}.Debug|Any CPU.Build.0 = Debug|Any CPU
		{72CDACDA-05AC-F147-BE3C-51824E1DB98A}.Release|Any CPU.ActiveCfg = Release|Any CPU
		{72CDACDA-05AC-F147-BE3C-51824E1DB98A}.Release|Any CPU.Build.0 = Release|Any CPU
	EndGlobalSection
	GlobalSection(SolutionProperties) = preSolution
		HideSolutionNode = FALSE
	EndGlobalSection
								GlobalSection(MonoDevelopProperties) = preSolution
		StartupItem = Assembly-CSharp.csproj
		Policies = $0
		$0.TextStylePolicy = $1
		$1.inheritsSet = null
		$1.scope = text/x-csharp
		$0.CSharpFormattingPolicy = $2
		$2.inheritsSet = Mono
		$2.inheritsScope = text/x-csharp
		$2.scope = text/x-csharp
		$0.TextStylePolicy = $3
		$3.FileWidth = 120
		$3.TabWidth = 4
		$3.EolMarker = Unix
		$3.inheritsSet = Mono
		$3.inheritsScope = text/plain
		$3.scope = text/plain
	EndGlobalSection

EndGlobal
